
Microsoft Visual Studio Solution File, Format Version 12.00
# Visual Studio Version 17
VisualStudioVersion = 17.1.32407.343
MinimumVisualStudioVersion = 10.0.40219.1
Project("{9A19103F-16F7-4668-BE54-9A1E7A4F7556}") = "GDesign2022NFT", "GDesign2022NFT\GDesign2022NFT.csproj", "{D5F3F049-5FD6-48D9-BD23-41FC4BDA3E8F}"
EndProject
Project("{9A19103F-16F7-4668-BE54-9A1E7A4F7556}") = "GDesign2022NFT.Model", "GDesign2022NFT.Model\GDesign2022NFT.Model.csproj", "{45A97E61-EF2E-4FF7-8317-5B3E6E29D8E5}"
EndProject
Project("{9A19103F-16F7-4668-BE54-9A1E7A4F7556}") = "GDesign2022NFT.DataAccess", "GDesign2022NFT.DataAccess\GDesign2022NFT.DataAccess.csproj", "{BF850ABF-5324-48DA-8BB0-77B892FBD011}"
EndProject
Project("{9A19103F-16F7-4668-BE54-9A1E7A4F7556}") = "GDesign2022NFT.ViewModel", "GDesign2022NFT.ViewModel\GDesign2022NFT.ViewModel.csproj", "{176AC786-0AAA-4582-ABD8-DF6C4AEAB16D}"
EndProject
Project("{9A19103F-16F7-4668-BE54-9A1E7A4F7556}") = "GDesign2022NFT.Test", "GDesign2022NFT.Test\GDesign2022NFT.Test.csproj", "{D99629A2-9DF2-426D-95B8-E071D92573CD}"
EndProject
Project("{FAE04EC0-301F-11D3-BF4B-00C04F79EFBC}") = "GIGABYTE.Utility", "GIGABYTE.Utility\GIGABYTE.Utility.csproj", "{C2B43A9C-2E71-4BB5-AF76-5FD200744CC5}"
EndProject
Global
	GlobalSection(SolutionConfigurationPlatforms) = preSolution
		Debug|Any CPU = Debug|Any CPU
		Release|Any CPU = Release|Any CPU
	EndGlobalSection
	GlobalSection(ProjectConfigurationPlatforms) = postSolution
		{D5F3F049-5FD6-48D9-BD23-41FC4BDA3E8F}.Debug|Any CPU.ActiveCfg = Debug|Any CPU
		{D5F3F049-5FD6-48D9-BD23-41FC4BDA3E8F}.Debug|Any CPU.Build.0 = Debug|Any CPU
		{D5F3F049-5FD6-48D9-BD23-41FC4BDA3E8F}.Release|Any CPU.ActiveCfg = Release|Any CPU
		{D5F3F049-5FD6-48D9-BD23-41FC4BDA3E8F}.Release|Any CPU.Build.0 = Release|Any CPU
		{45A97E61-EF2E-4FF7-8317-5B3E6E29D8E5}.Debug|Any CPU.ActiveCfg = Debug|Any CPU
		{45A97E61-EF2E-4FF7-8317-5B3E6E29D8E5}.Debug|Any CPU.Build.0 = Debug|Any CPU
		{45A97E61-EF2E-4FF7-8317-5B3E6E29D8E5}.Release|Any CPU.ActiveCfg = Release|Any CPU
		{45A97E61-EF2E-4FF7-8317-5B3E6E29D8E5}.Release|Any CPU.Build.0 = Release|Any CPU
		{BF850ABF-5324-48DA-8BB0-77B892FBD011}.Debug|Any CPU.ActiveCfg = Debug|Any CPU
		{BF850ABF-5324-48DA-8BB0-77B892FBD011}.Debug|Any CPU.Build.0 = Debug|Any CPU
		{BF850ABF-5324-48DA-8BB0-77B892FBD011}.Release|Any CPU.ActiveCfg = Release|Any CPU
		{BF850ABF-5324-48DA-8BB0-77B892FBD011}.Release|Any CPU.Build.0 = Release|Any CPU
		{176AC786-0AAA-4582-ABD8-DF6C4AEAB16D}.Debug|Any CPU.ActiveCfg = Debug|Any CPU
		{176AC786-0AAA-4582-ABD8-DF6C4AEAB16D}.Debug|Any CPU.Build.0 = Debug|Any CPU
		{176AC786-0AAA-4582-ABD8-DF6C4AEAB16D}.Release|Any CPU.ActiveCfg = Release|Any CPU
		{176AC786-0AAA-4582-ABD8-DF6C4AEAB16D}.Release|Any CPU.Build.0 = Release|Any CPU
		{D99629A2-9DF2-426D-95B8-E071D92573CD}.Debug|Any CPU.ActiveCfg = Debug|Any CPU
		{D99629A2-9DF2-426D-95B8-E071D92573CD}.Debug|Any CPU.Build.0 = Debug|Any CPU
		{D99629A2-9DF2-426D-95B8-E071D92573CD}.Release|Any CPU.ActiveCfg = Release|Any CPU
		{D99629A2-9DF2-426D-95B8-E071D92573CD}.Release|Any CPU.Build.0 = Release|Any CPU
		{C2B43A9C-2E71-4BB5-AF76-5FD200744CC5}.Debug|Any CPU.ActiveCfg = Debug|Any CPU
		{C2B43A9C-2E71-4BB5-AF76-5FD200744CC5}.Debug|Any CPU.Build.0 = Debug|Any CPU
		{C2B43A9C-2E71-4BB5-AF76-5FD200744CC5}.Release|Any CPU.ActiveCfg = Release|Any CPU
		{C2B43A9C-2E71-4BB5-AF76-5FD200744CC5}.Release|Any CPU.Build.0 = Release|Any CPU
	EndGlobalSection
	GlobalSection(SolutionProperties) = preSolution
		HideSolutionNode = FALSE
	EndGlobalSection
	GlobalSection(ExtensibilityGlobals) = postSolution
		SolutionGuid = {1F219808-E6E8-4C1D-B846-41F2F7CF20FA}
	EndGlobalSection
EndGlobal
